
Microsoft Visual Studio Solution File, Format Version 12.00
# Visual Studio 14
VisualStudioVersion = 14.0.25420.1
MinimumVisualStudioVersion = 10.0.40219.1
Project("{8BC9CEB8-8B4A-11D0-8D11-00A0C91BC942}") = "ImgCatch", "ImgCatch\ImgCatch.vcxproj", "{451E6D32-3C95-43BE-A319-6C52926CD4C4}"
EndProject
Project("{8BC9CEB8-8B4A-11D0-8D11-00A0C91BC942}") = "libtesseract", "libtesseract\libtesseract.vcxproj", "{D5811ADA-EF79-4F95-A81C-0CAE618C1198}"
EndProject
Project("{8BC9CEB8-8B4A-11D0-8D11-00A0C91BC942}") = "TestTesseract", "TestTesseract\TestTesseract.vcxproj", "{0FCCFBE2-B35F-405F-90A5-8D988F0ADFDB}"
EndProject
Global
	GlobalSection(SolutionConfigurationPlatforms) = preSolution
		Debug|x64 = Debug|x64
		Debug|x86 = Debug|x86
		Release|x64 = Release|x64
		Release|x86 = Release|x86
	EndGlobalSection
	GlobalSection(ProjectConfigurationPlatforms) = postSolution
		{451E6D32-3C95-43BE-A319-6C52926CD4C4}.Debug|x64.ActiveCfg = Debug|x64
		{451E6D32-3C95-43BE-A319-6C52926CD4C4}.Debug|x64.Build.0 = Debug|x64
		{451E6D32-3C95-43BE-A319-6C52926CD4C4}.Debug|x86.ActiveCfg = Debug|Win32
		{451E6D32-3C95-43BE-A319-6C52926CD4C4}.Debug|x86.Build.0 = Debug|Win32
		{451E6D32-3C95-43BE-A319-6C52926CD4C4}.Release|x64.ActiveCfg = Release|x64
		{451E6D32-3C95-43BE-A319-6C52926CD4C4}.Release|x64.Build.0 = Release|x64
		{451E6D32-3C95-43BE-A319-6C52926CD4C4}.Release|x86.ActiveCfg = Release|Win32
		{451E6D32-3C95-43BE-A319-6C52926CD4C4}.Release|x86.Build.0 = Release|Win32
		{D5811ADA-EF79-4F95-A81C-0CAE618C1198}.Debug|x64.ActiveCfg = Debug|x64
		{D5811ADA-EF79-4F95-A81C-0CAE618C1198}.Debug|x64.Build.0 = Debug|x64
		{D5811ADA-EF79-4F95-A81C-0CAE618C1198}.Debug|x86.ActiveCfg = Debug|Win32
		{D5811ADA-EF79-4F95-A81C-0CAE618C1198}.Debug|x86.Build.0 = Debug|Win32
		{D5811ADA-EF79-4F95-A81C-0CAE618C1198}.Release|x64.ActiveCfg = Release|x64
		{D5811ADA-EF79-4F95-A81C-0CAE618C1198}.Release|x64.Build.0 = Release|x64
		{D5811ADA-EF79-4F95-A81C-0CAE618C1198}.Release|x86.ActiveCfg = Release|Win32
		{D5811ADA-EF79-4F95-A81C-0CAE618C1198}.Release|x86.Build.0 = Release|Win32
		{0FCCFBE2-B35F-405F-90A5-8D988F0ADFDB}.Debug|x64.ActiveCfg = Debug|x64
		{0FCCFBE2-B35F-405F-90A5-8D988F0ADFDB}.Debug|x64.Build.0 = Debug|x64
		{0FCCFBE2-B35F-405F-90A5-8D988F0ADFDB}.Debug|x86.ActiveCfg = Debug|Win32
		{0FCCFBE2-B35F-405F-90A5-8D988F0ADFDB}.Debug|x86.Build.0 = Debug|Win32
		{0FCCFBE2-B35F-405F-90A5-8D988F0ADFDB}.Release|x64.ActiveCfg = Release|x64
		{0FCCFBE2-B35F-405F-90A5-8D988F0ADFDB}.Release|x64.Build.0 = Release|x64
		{0FCCFBE2-B35F-405F-90A5-8D988F0ADFDB}.Release|x86.ActiveCfg = Release|Win32
		{0FCCFBE2-B35F-405F-90A5-8D988F0ADFDB}.Release|x86.Build.0 = Release|Win32
	EndGlobalSection
	GlobalSection(SolutionProperties) = preSolution
		HideSolutionNode = FALSE
	EndGlobalSection
	GlobalSection(ExtensibilityGlobals) = postSolution
		Qt5Version = $(DefaultQtVersion)
	EndGlobalSection
EndGlobal
